
Microsoft Visual Studio Solution File, Format Version 12.00
# Visual Studio Version 16
VisualStudioVersion = 16.0.32929.386
MinimumVisualStudioVersion = 10.0.40219.1
Project("{FAE04EC0-301F-11D3-BF4B-00C04F79EFBC}") = "Bresenham", "Bresenham\Bresenham.csproj", "{EFBE506C-70A3-4207-A285-73FC45B93E16}"
EndProject
Global
	GlobalSection(SolutionConfigurationPlatforms) = preSolution
		Debug|Any CPU = Debug|Any CPU
		Release|Any CPU = Release|Any CPU
	EndGlobalSection
	GlobalSection(ProjectConfigurationPlatforms) = postSolution
		{EFBE506C-70A3-4207-A285-73FC45B93E16}.Debug|Any CPU.ActiveCfg = Debug|Any CPU
		{EFBE506C-70A3-4207-A285-73FC45B93E16}.Debug|Any CPU.Build.0 = Debug|Any CPU
		{EFBE506C-70A3-4207-A285-73FC45B93E16}.Release|Any CPU.ActiveCfg = Release|Any CPU
		{EFBE506C-70A3-4207-A285-73FC45B93E16}.Release|Any CPU.Build.0 = Release|Any CPU
	EndGlobalSection
	GlobalSection(SolutionProperties) = preSolution
		HideSolutionNode = FALSE
	EndGlobalSection
	GlobalSection(ExtensibilityGlobals) = postSolution
		SolutionGuid = {FA7B3C3C-8861-4283-A90B-AD74386C4E67}
	EndGlobalSection
EndGlobal
